
Microsoft Visual Studio Solution File, Format Version 12.00
# Visual Studio Version 17
VisualStudioVersion = 17.4.33205.214
MinimumVisualStudioVersion = 10.0.40219.1
Project("{9A19103F-16F7-4668-BE54-9A1E7A4F7556}") = "TastyCook.RecepiesAPI", "TastyCook.RecepiesAPI\TastyCook.RecepiesAPI.csproj", "{6FE82A3D-390A-4692-9CF7-5F5D365A7CA4}"
EndProject
Project("{9A19103F-16F7-4668-BE54-9A1E7A4F7556}") = "TastyCook.UsersAPI", "..\TastyCook.UsersAPI\TastyCook.UsersAPI\TastyCook.UsersAPI.csproj", "{93A5AB3A-CEA9-4BE8-8180-97BC1507B8B8}"
EndProject
Project("{FAE04EC0-301F-11D3-BF4B-00C04F79EFBC}") = "TastyCookBroker", "TastyCookBroker\TastyCookBroker.csproj", "{3526A2C3-94CE-4E12-8A85-E0D5F13FC0B6}"
EndProject
Global
	GlobalSection(SolutionConfigurationPlatforms) = preSolution
		Debug|Any CPU = Debug|Any CPU
		Release|Any CPU = Release|Any CPU
	EndGlobalSection
	GlobalSection(ProjectConfigurationPlatforms) = postSolution
		{6FE82A3D-390A-4692-9CF7-5F5D365A7CA4}.Debug|Any CPU.ActiveCfg = Debug|Any CPU
		{6FE82A3D-390A-4692-9CF7-5F5D365A7CA4}.Debug|Any CPU.Build.0 = Debug|Any CPU
		{6FE82A3D-390A-4692-9CF7-5F5D365A7CA4}.Release|Any CPU.ActiveCfg = Release|Any CPU
		{6FE82A3D-390A-4692-9CF7-5F5D365A7CA4}.Release|Any CPU.Build.0 = Release|Any CPU
		{93A5AB3A-CEA9-4BE8-8180-97BC1507B8B8}.Debug|Any CPU.ActiveCfg = Debug|Any CPU
		{93A5AB3A-CEA9-4BE8-8180-97BC1507B8B8}.Debug|Any CPU.Build.0 = Debug|Any CPU
		{93A5AB3A-CEA9-4BE8-8180-97BC1507B8B8}.Release|Any CPU.ActiveCfg = Release|Any CPU
		{93A5AB3A-CEA9-4BE8-8180-97BC1507B8B8}.Release|Any CPU.Build.0 = Release|Any CPU
		{3526A2C3-94CE-4E12-8A85-E0D5F13FC0B6}.Debug|Any CPU.ActiveCfg = Debug|Any CPU
		{3526A2C3-94CE-4E12-8A85-E0D5F13FC0B6}.Debug|Any CPU.Build.0 = Debug|Any CPU
		{3526A2C3-94CE-4E12-8A85-E0D5F13FC0B6}.Release|Any CPU.ActiveCfg = Release|Any CPU
		{3526A2C3-94CE-4E12-8A85-E0D5F13FC0B6}.Release|Any CPU.Build.0 = Release|Any CPU
	EndGlobalSection
	GlobalSection(SolutionProperties) = preSolution
		HideSolutionNode = FALSE
	EndGlobalSection
	GlobalSection(ExtensibilityGlobals) = postSolution
		SolutionGuid = {36BE2E50-6D34-4BC2-A72E-FEF1DA7DF478}
	EndGlobalSection
EndGlobal
